# Generated by pub
# See https://dart.dev/tools/pub/glossary#lockfile
packages:
  async:
    dependency: transitive
    description:
      name: async
      sha256: db4766341bd8ecb66556f31ab891a5d596ef829221993531bd64a8e6342f0cda
      url: "https://pub.dev"
    source: hosted
    version: "2.8.2"
  characters:
    dependency: transitive
    description:
      name: characters
      sha256: "04a925763edad70e8443c99234dc3328f442e811f1d8fd1a72f1c8ad0f69a605"
      url: "https://pub.dev"
    source: hosted
    version: "1.3.0"
  charcode:
    dependency: transitive
    description:
      name: charcode
      sha256: fb98c0f6d12c920a02ee2d998da788bca066ca5f148492b7085ee23372b12306
      url: "https://pub.dev"
    source: hosted
    version: "1.3.1"
  collection:
    dependency: transitive
    description:
      name: collection
      sha256: "4a07be6cb69c84d677a6c3096fcf960cc3285a8330b4603e0d463d15d9bd934c"
      url: "https://pub.dev"
    source: hosted
    version: "1.17.1"
  crypto:
    dependency: transitive
    description:
      name: crypto
      sha256: aa274aa7774f8964e4f4f38cc994db7b6158dd36e9187aaceaddc994b35c6c67
      url: "https://pub.dev"
    source: hosted
    version: "3.0.2"
  cupertino_icons:
    dependency: "direct main"
    description:
      name: cupertino_icons
      sha256: e35129dc44c9118cee2a5603506d823bab99c68393879edb440e0090d07586be
      url: "https://pub.dev"
    source: hosted
    version: "1.0.5"
  ffi:
    dependency: transitive
    description:
      name: ffi
      sha256: a38574032c5f1dd06c4aee541789906c12ccaab8ba01446e800d9c5b79c4a978
      url: "https://pub.dev"
    source: hosted
    version: "2.0.1"
  file:
    dependency: transitive
    description:
      name: file
      sha256: "1b92bec4fc2a72f59a8e15af5f52cd441e4a7860b49499d69dfa817af20e925d"
      url: "https://pub.dev"
    source: hosted
    version: "6.1.4"
  flutter:
    dependency: "direct main"
    description: flutter
    source: sdk
    version: "0.0.0"
  flutter_lints:
    dependency: "direct dev"
    description:
      name: flutter_lints
      sha256: b543301ad291598523947dc534aaddc5aaad597b709d2426d3a0e0d44c5cb493
      url: "https://pub.dev"
    source: hosted
    version: "1.0.4"
  fluttericon:
    dependency: "direct main"
    description:
      name: fluttericon
      sha256: "252fa8043826e93d972a602497a260cb3d62b5aea6d045793e4381590f2c1e99"
      url: "https://pub.dev"
    source: hosted
    version: "2.0.0"
  google_fonts:
    dependency: "direct main"
    description:
      name: google_fonts
      sha256: e70521755a6b08c6bde14ddae27dff5bf21010033888fc61da6c595f8a9f58c1
      url: "https://pub.dev"
    source: hosted
    version: "2.3.3"
  http:
    dependency: "direct main"
    description:
      name: http
      sha256: "6aa2946395183537c8b880962d935877325d6a09a2867c3970c05c0fed6ac482"
      url: "https://pub.dev"
    source: hosted
    version: "0.13.5"
  http_parser:
    dependency: transitive
    description:
      name: http_parser
      sha256: "2aa08ce0341cc9b354a498388e30986515406668dbcc4f7c950c3e715496693b"
      url: "https://pub.dev"
    source: hosted
    version: "4.0.2"
  js:
    dependency: transitive
    description:
      name: js
      sha256: f2c445dce49627136094980615a031419f7f3eb393237e4ecd97ac15dea343f3
      url: "https://pub.dev"
    source: hosted
    version: "0.6.7"
  lints:
    dependency: transitive
    description:
      name: lints
      sha256: a2c3d198cb5ea2e179926622d433331d8b58374ab8f29cdda6e863bd62fd369c
      url: "https://pub.dev"
    source: hosted
    version: "1.0.1"
  material_color_utilities:
    dependency: transitive
    description:
      name: material_color_utilities
      sha256: d92141dc6fe1dad30722f9aa826c7fbc896d021d792f80678280601aff8cf724
      url: "https://pub.dev"
    source: hosted
    version: "0.2.0"
  meta:
    dependency: transitive
    description:
      name: meta
      sha256: "3c74dbf8763d36539f114c799d8a2d87343b5067e9d796ca22b5eb8437090ee3"
      url: "https://pub.dev"
    source: hosted
    version: "1.9.1"
  nested:
    dependency: transitive
    description:
      name: nested
      sha256: "03bac4c528c64c95c722ec99280375a6f2fc708eec17c7b3f07253b626cd2a20"
      url: "https://pub.dev"
    source: hosted
    version: "1.0.0"
  oktoast:
    dependency: "direct main"
    description:
      name: oktoast
      sha256: fd5dd5c7dd02c41c56bdbdbc163351bd6cd59cba61c416daf255e35d1a86dce1
      url: "https://pub.dev"
    source: hosted
    version: "3.3.1"
  path:
    dependency: transitive
    description:
      name: path
      sha256: "8829d8a55c13fc0e37127c29fedf290c102f4e40ae94ada574091fe0ff96c917"
      url: "https://pub.dev"
    source: hosted
    version: "1.8.3"
  path_provider:
    dependency: "direct main"
    description:
      name: path_provider
      sha256: "050e8e85e4b7fecdf2bb3682c1c64c4887a183720c802d323de8a5fd76d372dd"
      url: "https://pub.dev"
    source: hosted
    version: "2.0.11"
  path_provider_android:
    dependency: transitive
    description:
      name: path_provider_android
      sha256: a776c088d671b27f6e3aa8881d64b87b3e80201c64e8869b811325de7a76c15e
      url: "https://pub.dev"
    source: hosted
    version: "2.0.22"
  path_provider_ios:
    dependency: transitive
    description:
      name: path_provider_ios
      sha256: "03d639406f5343478352433f00d3c4394d52dac8df3d847869c5e2333e0bbce8"
      url: "https://pub.dev"
    source: hosted
    version: "2.0.11"
  path_provider_linux:
    dependency: transitive
    description:
      name: path_provider_linux
      sha256: ab0987bf95bc591da42dffb38c77398fc43309f0b9b894dcc5d6f40c4b26c379
      url: "https://pub.dev"
    source: hosted
    version: "2.1.7"
  path_provider_macos:
    dependency: transitive
    description:
      name: path_provider_macos
      sha256: "2a97e7fbb7ae9dcd0dfc1220a78e9ec3e71da691912e617e8715ff2a13086ae8"
      url: "https://pub.dev"
    source: hosted
    version: "2.0.6"
  path_provider_platform_interface:
    dependency: transitive
    description:
      name: path_provider_platform_interface
      sha256: f0abc8ebd7253741f05488b4813d936b4d07c6bae3e86148a09e342ee4b08e76
      url: "https://pub.dev"
    source: hosted
    version: "2.0.5"
  path_provider_windows:
    dependency: transitive
    description:
      name: path_provider_windows
      sha256: bcabbe399d4042b8ee687e17548d5d3f527255253b4a639f5f8d2094a9c2b45c
      url: "https://pub.dev"
    source: hosted
    version: "2.1.3"
  platform:
    dependency: transitive
    description:
      name: platform
      sha256: "4a451831508d7d6ca779f7ac6e212b4023dd5a7d08a27a63da33756410e32b76"
      url: "https://pub.dev"
    source: hosted
    version: "3.1.0"
  plugin_platform_interface:
    dependency: transitive
    description:
      name: plugin_platform_interface
      sha256: dbf0f707c78beedc9200146ad3cb0ab4d5da13c246336987be6940f026500d3a
      url: "https://pub.dev"
    source: hosted
    version: "2.1.3"
  process:
    dependency: transitive
    description:
      name: process
      sha256: "53fd8db9cec1d37b0574e12f07520d582019cb6c44abf5479a01505099a34a09"
      url: "https://pub.dev"
    source: hosted
    version: "4.2.4"
  provider:
    dependency: "direct main"
    description:
      name: provider
      sha256: cdbe7530b12ecd9eb455bdaa2fcb8d4dad22e80b8afb4798b41479d5ce26847f
      url: "https://pub.dev"
    source: hosted
    version: "6.0.5"
  screen_retriever:
    dependency: transitive
    description:
      name: screen_retriever
      sha256: "4931f226ca158123ccd765325e9fbf360bfed0af9b460a10f960f9bb13d58323"
      url: "https://pub.dev"
    source: hosted
    version: "0.1.6"
  sky_engine:
    dependency: transitive
    description: flutter
    source: sdk
    version: "0.0.99"
  source_span:
    dependency: transitive
    description:
      name: source_span
      sha256: d77dbb9d0b7469d91e42d352334b2b4bbd5cec4379542f1bdb630db368c4d9f6
      url: "https://pub.dev"
    source: hosted
    version: "1.8.2"
  sqflite_common:
    dependency: transitive
    description:
      name: sqflite_common
      sha256: "4aa3b917d48f9a3161419efa4a901e33a38721bf9a7465e7e07d2d6ef8895276"
      url: "https://pub.dev"
    source: hosted
    version: "2.4.0"
  sqflite_common_ffi:
    dependency: "direct main"
    description:
      name: sqflite_common_ffi
      sha256: "4cc40e5a621c4cc201fca92311b9fcecb3460870f28bd4f724991cde0fe8d9f7"
      url: "https://pub.dev"
    source: hosted
    version: "2.1.0"
  sqlite3:
    dependency: transitive
    description:
      name: sqlite3
      sha256: "0b19d02e196dd8c9fb96622520bcf7b5e2bcf6d7c748649bb36b1ebee821716b"
      url: "https://pub.dev"
    source: hosted
    version: "1.8.0"
  string_scanner:
    dependency: transitive
    description:
      name: string_scanner
      sha256: dd11571b8a03f7cadcf91ec26a77e02bfbd6bbba2a512924d3116646b4198fc4
      url: "https://pub.dev"
    source: hosted
    version: "1.1.0"
  synchronized:
    dependency: transitive
    description:
      name: synchronized
      sha256: "7b530acd9cb7c71b0019a1e7fa22c4105e675557a4400b6a401c71c5e0ade1ac"
      url: "https://pub.dev"
    source: hosted
    version: "3.0.0+3"
  term_glyph:
    dependency: transitive
    description:
      name: term_glyph
      sha256: a88162591b02c1f3a3db3af8ce1ea2b374bd75a7bb8d5e353bcfbdc79d719830
      url: "https://pub.dev"
    source: hosted
    version: "1.2.0"
  typed_data:
    dependency: transitive
    description:
      name: typed_data
      sha256: "26f87ade979c47a150c9eaab93ccd2bebe70a27dc0b4b29517f2904f04eb11a5"
      url: "https://pub.dev"
    source: hosted
    version: "1.3.1"
  uuid:
    dependency: "direct main"
    description:
      name: uuid
      sha256: "648e103079f7c64a36dc7d39369cabb358d377078a051d6ae2ad3aa539519313"
      url: "https://pub.dev"
    source: hosted
    version: "3.0.7"
  vector_math:
    dependency: transitive
    description:
      name: vector_math
      sha256: "80b3257d1492ce4d091729e3a67a60407d227c27241d6927be0130c98e741803"
      url: "https://pub.dev"
    source: hosted
    version: "2.1.4"
  win32:
    dependency: transitive
    description:
      name: win32
      sha256: c9ebe7ee4ab0c2194e65d3a07d8c54c5d00bb001b76081c4a04cdb8448b59e46
      url: "https://pub.dev"
    source: hosted
    version: "3.1.3"
  window_manager:
    dependency: "direct main"
    description:
      name: window_manager
      sha256: "9eef00e393e7f9308309ce9a8b2398c9ee3ca78b50c96e8b4f9873945693ac88"
      url: "https://pub.dev"
    source: hosted
    version: "0.3.5"
  xdg_directories:
    dependency: transitive
    description:
      name: xdg_directories
      sha256: "11541eedefbcaec9de35aa82650b695297ce668662bbd6e3911a7fabdbde589f"
      url: "https://pub.dev"
    source: hosted
    version: "0.2.0+2"
sdks:
  dart: ">=3.0.0-0 <4.0.0"
  flutter: ">=3.3.0"
